// !$*UTF8*$!
{
	archiveVersion = 1;
	classes = {
	};
	objectVersion = 55;
	objects = {

/* Begin PBXBuildFile section */
		0607C9CE2CADD8EF003E7771 /* libglfw.3.4.dylib in Frameworks */ = {isa = PBXBuildFile; fileRef = 0607C9CD2CADD8EF003E7771 /* libglfw.3.4.dylib */; };
		0607C9D82CAEE536003E7771 /* GLUT.framework in Frameworks */ = {isa = PBXBuildFile; fileRef = 0607C9D72CAEE536003E7771 /* GLUT.framework */; };
		06761AB72CACD1DA001BAF02 /* main.cpp in Sources */ = {isa = PBXBuildFile; fileRef = 06761AB62CACD1DA001BAF02 /* main.cpp */; };
		06761AC82CACE472001BAF02 /* OpenGL.framework in Frameworks */ = {isa = PBXBuildFile; fileRef = 06761AC22CACDF69001BAF02 /* OpenGL.framework */; };
		06761ACA2CACE486001BAF02 /* libglfw.3.dylib in Embed Libraries */ = {isa = PBXBuildFile; fileRef = 06761AC42CACE293001BAF02 /* libglfw.3.dylib */; };
/* End PBXBuildFile section */

/* Begin PBXCopyFilesBuildPhase section */
		06761AB12CACD1DA001BAF02 /* CopyFiles */ = {
			isa = PBXCopyFilesBuildPhase;
			buildActionMask = 2147483647;
			dstPath = /usr/share/man/man1/;
			dstSubfolderSpec = 0;
			files = (
			);
			runOnlyForDeploymentPostprocessing = 1;
		};
		06761ACB2CACE486001BAF02 /* Embed Libraries */ = {
			isa = PBXCopyFilesBuildPhase;
			buildActionMask = 2147483647;
			dstPath = "";
			dstSubfolderSpec = 10;
			files = (
				06761ACA2CACE486001BAF02 /* libglfw.3.dylib in Embed Libraries */,
			);
			name = "Embed Libraries";
			runOnlyForDeploymentPostprocessing = 0;
		};
/* End PBXCopyFilesBuildPhase section */

/* Begin PBXFileReference section */
		0607C9C92CADA98F003E7771 /* libglfw.3.dylib */ = {isa = PBXFileReference; lastKnownFileType = "compiled.mach-o.dylib"; path = libglfw.3.dylib; sourceTree = "<group>"; };
		0607C9CB2CADA99D003E7771 /* GLFW */ = {isa = PBXFileReference; lastKnownFileType = folder; path = GLFW; sourceTree = "<group>"; };
		0607C9CD2CADD8EF003E7771 /* libglfw.3.4.dylib */ = {isa = PBXFileReference; lastKnownFileType = "compiled.mach-o.dylib"; name = libglfw.3.4.dylib; path = ../../../../../opt/homebrew/Cellar/glfw/3.4/lib/libglfw.3.4.dylib; sourceTree = "<group>"; };
		0607C9D62CAE01BB003E7771 /* Basic.shader */ = {isa = PBXFileReference; fileEncoding = 4; lastKnownFileType = text; path = Basic.shader; sourceTree = "<group>"; };
		0607C9D72CAEE536003E7771 /* GLUT.framework */ = {isa = PBXFileReference; lastKnownFileType = wrapper.framework; name = GLUT.framework; path = System/Library/Frameworks/GLUT.framework; sourceTree = SDKROOT; };
		06761AB32CACD1DA001BAF02 /* first_opengl_project */ = {isa = PBXFileReference; explicitFileType = "compiled.mach-o.executable"; includeInIndex = 0; path = first_opengl_project; sourceTree = BUILT_PRODUCTS_DIR; };
		06761AB62CACD1DA001BAF02 /* main.cpp */ = {isa = PBXFileReference; lastKnownFileType = sourcecode.cpp.cpp; path = main.cpp; sourceTree = "<group>"; };
		06761AC22CACDF69001BAF02 /* OpenGL.framework */ = {isa = PBXFileReference; lastKnownFileType = wrapper.framework; name = OpenGL.framework; path = System/Library/Frameworks/OpenGL.framework; sourceTree = SDKROOT; };
		06761AC42CACE293001BAF02 /* libglfw.3.dylib */ = {isa = PBXFileReference; lastKnownFileType = "compiled.mach-o.dylib"; name = libglfw.3.dylib; path = first_opengl_project/dependencies/lib/libglfw.3.dylib; sourceTree = "<group>"; };
/* End PBXFileReference section */

/* Begin PBXFrameworksBuildPhase section */
		06761AB02CACD1DA001BAF02 /* Frameworks */ = {
			isa = PBXFrameworksBuildPhase;
			buildActionMask = 2147483647;
			files = (
				0607C9D82CAEE536003E7771 /* GLUT.framework in Frameworks */,
				0607C9CE2CADD8EF003E7771 /* libglfw.3.4.dylib in Frameworks */,
				06761AC82CACE472001BAF02 /* OpenGL.framework in Frameworks */,
			);
			runOnlyForDeploymentPostprocessing = 0;
		};
/* End PBXFrameworksBuildPhase section */

/* Begin PBXGroup section */
		0607C9CF2CADE764003E7771 /* res */ = {
			isa = PBXGroup;
			children = (
				0607C9D02CADE76E003E7771 /* shaders */,
			);
			path = res;
			sourceTree = "<group>";
		};
		0607C9D02CADE76E003E7771 /* shaders */ = {
			isa = PBXGroup;
			children = (
				0607C9D62CAE01BB003E7771 /* Basic.shader */,
			);
			path = shaders;
			sourceTree = "<group>";
		};
		06761AAA2CACD1DA001BAF02 = {
			isa = PBXGroup;
			children = (
				06761AB52CACD1DA001BAF02 /* first_opengl_project */,
				06761AB42CACD1DA001BAF02 /* Products */,
				06761AC12CACDF69001BAF02 /* Frameworks */,
			);
			sourceTree = "<group>";
		};
		06761AB42CACD1DA001BAF02 /* Products */ = {
			isa = PBXGroup;
			children = (
				06761AB32CACD1DA001BAF02 /* first_opengl_project */,
			);
			name = Products;
			sourceTree = "<group>";
		};
		06761AB52CACD1DA001BAF02 /* first_opengl_project */ = {
			isa = PBXGroup;
			children = (
				0607C9CF2CADE764003E7771 /* res */,
				06761ABD2CACD258001BAF02 /* src */,
				06761ABF2CACD296001BAF02 /* dependencies */,
			);
			path = first_opengl_project;
			sourceTree = "<group>";
		};
		06761ABD2CACD258001BAF02 /* src */ = {
			isa = PBXGroup;
			children = (
				06761AB62CACD1DA001BAF02 /* main.cpp */,
			);
			path = src;
			sourceTree = "<group>";
		};
		06761ABE2CACD27B001BAF02 /* include */ = {
			isa = PBXGroup;
			children = (
				0607C9CB2CADA99D003E7771 /* GLFW */,
			);
			path = include;
			sourceTree = "<group>";
		};
		06761ABF2CACD296001BAF02 /* dependencies */ = {
			isa = PBXGroup;
			children = (
				06761AC02CACD2B1001BAF02 /* lib */,
				06761ABE2CACD27B001BAF02 /* include */,
			);
			path = dependencies;
			sourceTree = "<group>";
		};
		06761AC02CACD2B1001BAF02 /* lib */ = {
			isa = PBXGroup;
			children = (
				0607C9C92CADA98F003E7771 /* libglfw.3.dylib */,
			);
			path = lib;
			sourceTree = "<group>";
		};
		06761AC12CACDF69001BAF02 /* Frameworks */ = {
			isa = PBXGroup;
			children = (
				0607C9D72CAEE536003E7771 /* GLUT.framework */,
				0607C9CD2CADD8EF003E7771 /* libglfw.3.4.dylib */,
				06761AC42CACE293001BAF02 /* libglfw.3.dylib */,
				06761AC22CACDF69001BAF02 /* OpenGL.framework */,
			);
			name = Frameworks;
			sourceTree = "<group>";
		};
/* End PBXGroup section */

/* Begin PBXHeadersBuildPhase section */
		0607C9CC2CADCEB6003E7771 /* Headers */ = {
			isa = PBXHeadersBuildPhase;
			buildActionMask = 2147483647;
			files = (
			);
			runOnlyForDeploymentPostprocessing = 0;
		};
/* End PBXHeadersBuildPhase section */

/* Begin PBXNativeTarget section */
		06761AB22CACD1DA001BAF02 /* first_opengl_project */ = {
			isa = PBXNativeTarget;
			buildConfigurationList = 06761ABA2CACD1DA001BAF02 /* Build configuration list for PBXNativeTarget "first_opengl_project" */;
			buildPhases = (
				06761AAF2CACD1DA001BAF02 /* Sources */,
				06761AB02CACD1DA001BAF02 /* Frameworks */,
				0607C9CC2CADCEB6003E7771 /* Headers */,
				06761AB12CACD1DA001BAF02 /* CopyFiles */,
				06761ACB2CACE486001BAF02 /* Embed Libraries */,
			);
			buildRules = (
			);
			dependencies = (
			);
			name = first_opengl_project;
			productName = first_opengl_project;
			productReference = 06761AB32CACD1DA001BAF02 /* first_opengl_project */;
			productType = "com.apple.product-type.tool";
		};
/* End PBXNativeTarget section */

/* Begin PBXProject section */
		06761AAB2CACD1DA001BAF02 /* Project object */ = {
			isa = PBXProject;
			attributes = {
				BuildIndependentTargetsInParallel = 1;
				LastUpgradeCheck = 1320;
				TargetAttributes = {
					06761AB22CACD1DA001BAF02 = {
						CreatedOnToolsVersion = 13.2.1;
					};
				};
			};
			buildConfigurationList = 06761AAE2CACD1DA001BAF02 /* Build configuration list for PBXProject "first_opengl_project" */;
			compatibilityVersion = "Xcode 13.0";
			developmentRegion = en;
			hasScannedForEncodings = 0;
			knownRegions = (
				en,
				Base,
			);
			mainGroup = 06761AAA2CACD1DA001BAF02;
			productRefGroup = 06761AB42CACD1DA001BAF02 /* Products */;
			projectDirPath = "";
			projectRoot = "";
			targets = (
				06761AB22CACD1DA001BAF02 /* first_opengl_project */,
			);
		};
/* End PBXProject section */

/* Begin PBXSourcesBuildPhase section */
		06761AAF2CACD1DA001BAF02 /* Sources */ = {
			isa = PBXSourcesBuildPhase;
			buildActionMask = 2147483647;
			files = (
				06761AB72CACD1DA001BAF02 /* main.cpp in Sources */,
			);
			runOnlyForDeploymentPostprocessing = 0;
		};
/* End PBXSourcesBuildPhase section */

/* Begin XCBuildConfiguration section */
		06761AB82CACD1DA001BAF02 /* Debug */ = {
			isa = XCBuildConfiguration;
			buildSettings = {
				ALWAYS_SEARCH_USER_PATHS = NO;
				CLANG_ANALYZER_NONNULL = YES;
				CLANG_ANALYZER_NUMBER_OBJECT_CONVERSION = YES_AGGRESSIVE;
				CLANG_CXX_LANGUAGE_STANDARD = "gnu++17";
				CLANG_CXX_LIBRARY = "libc++";
				CLANG_ENABLE_MODULES = YES;
				CLANG_ENABLE_OBJC_ARC = YES;
				CLANG_ENABLE_OBJC_WEAK = YES;
				CLANG_WARN_BLOCK_CAPTURE_AUTORELEASING = YES;
				CLANG_WARN_BOOL_CONVERSION = YES;
				CLANG_WARN_COMMA = YES;
				CLANG_WARN_CONSTANT_CONVERSION = YES;
				CLANG_WARN_DEPRECATED_OBJC_IMPLEMENTATIONS = YES;
				CLANG_WARN_DIRECT_OBJC_ISA_USAGE = YES_ERROR;
				CLANG_WARN_DOCUMENTATION_COMMENTS = YES;
				CLANG_WARN_EMPTY_BODY = YES;
				CLANG_WARN_ENUM_CONVERSION = YES;
				CLANG_WARN_INFINITE_RECURSION = YES;
				CLANG_WARN_INT_CONVERSION = YES;
				CLANG_WARN_NON_LITERAL_NULL_CONVERSION = YES;
				CLANG_WARN_OBJC_IMPLICIT_RETAIN_SELF = YES;
				CLANG_WARN_OBJC_LITERAL_CONVERSION = YES;
				CLANG_WARN_OBJC_ROOT_CLASS = YES_ERROR;
				CLANG_WARN_QUOTED_INCLUDE_IN_FRAMEWORK_HEADER = YES;
				CLANG_WARN_RANGE_LOOP_ANALYSIS = YES;
				CLANG_WARN_STRICT_PROTOTYPES = YES;
				CLANG_WARN_SUSPICIOUS_MOVE = YES;
				CLANG_WARN_UNGUARDED_AVAILABILITY = YES_AGGRESSIVE;
				CLANG_WARN_UNREACHABLE_CODE = YES;
				CLANG_WARN__DUPLICATE_METHOD_MATCH = YES;
				COPY_PHASE_STRIP = NO;
				DEBUG_INFORMATION_FORMAT = dwarf;
				ENABLE_STRICT_OBJC_MSGSEND = YES;
				ENABLE_TESTABILITY = YES;
				GCC_C_LANGUAGE_STANDARD = gnu11;
				GCC_DYNAMIC_NO_PIC = NO;
				GCC_NO_COMMON_BLOCKS = YES;
				GCC_OPTIMIZATION_LEVEL = 0;
				GCC_PREPROCESSOR_DEFINITIONS = (
					"DEBUG=1",
					"$(inherited)",
				);
				GCC_WARN_64_TO_32_BIT_CONVERSION = YES;
				GCC_WARN_ABOUT_RETURN_TYPE = YES_ERROR;
				GCC_WARN_UNDECLARED_SELECTOR = YES;
				GCC_WARN_UNINITIALIZED_AUTOS = YES_AGGRESSIVE;
				GCC_WARN_UNUSED_FUNCTION = YES;
				GCC_WARN_UNUSED_VARIABLE = YES;
				MACOSX_DEPLOYMENT_TARGET = 11.5;
				MTL_ENABLE_DEBUG_INFO = INCLUDE_SOURCE;
				MTL_FAST_MATH = YES;
				ONLY_ACTIVE_ARCH = YES;
				SDKROOT = macosx;
			};
			name = Debug;
		};
		06761AB92CACD1DA001BAF02 /* Release */ = {
			isa = XCBuildConfiguration;
			buildSettings = {
				ALWAYS_SEARCH_USER_PATHS = NO;
				CLANG_ANALYZER_NONNULL = YES;
				CLANG_ANALYZER_NUMBER_OBJECT_CONVERSION = YES_AGGRESSIVE;
				CLANG_CXX_LANGUAGE_STANDARD = "gnu++17";
				CLANG_CXX_LIBRARY = "libc++";
				CLANG_ENABLE_MODULES = YES;
				CLANG_ENABLE_OBJC_ARC = YES;
				CLANG_ENABLE_OBJC_WEAK = YES;
				CLANG_WARN_BLOCK_CAPTURE_AUTORELEASING = YES;
				CLANG_WARN_BOOL_CONVERSION = YES;
				CLANG_WARN_COMMA = YES;
				CLANG_WARN_CONSTANT_CONVERSION = YES;
				CLANG_WARN_DEPRECATED_OBJC_IMPLEMENTATIONS = YES;
				CLANG_WARN_DIRECT_OBJC_ISA_USAGE = YES_ERROR;
				CLANG_WARN_DOCUMENTATION_COMMENTS = YES;
				CLANG_WARN_EMPTY_BODY = YES;
				CLANG_WARN_ENUM_CONVERSION = YES;
				CLANG_WARN_INFINITE_RECURSION = YES;
				CLANG_WARN_INT_CONVERSION = YES;
				CLANG_WARN_NON_LITERAL_NULL_CONVERSION = YES;
				CLANG_WARN_OBJC_IMPLICIT_RETAIN_SELF = YES;
				CLANG_WARN_OBJC_LITERAL_CONVERSION = YES;
				CLANG_WARN_OBJC_ROOT_CLASS = YES_ERROR;
				CLANG_WARN_QUOTED_INCLUDE_IN_FRAMEWORK_HEADER = YES;
				CLANG_WARN_RANGE_LOOP_ANALYSIS = YES;
				CLANG_WARN_STRICT_PROTOTYPES = YES;
				CLANG_WARN_SUSPICIOUS_MOVE = YES;
				CLANG_WARN_UNGUARDED_AVAILABILITY = YES_AGGRESSIVE;
				CLANG_WARN_UNREACHABLE_CODE = YES;
				CLANG_WARN__DUPLICATE_METHOD_MATCH = YES;
				COPY_PHASE_STRIP = NO;
				DEBUG_INFORMATION_FORMAT = "dwarf-with-dsym";
				ENABLE_NS_ASSERTIONS = NO;
				ENABLE_STRICT_OBJC_MSGSEND = YES;
				GCC_C_LANGUAGE_STANDARD = gnu11;
				GCC_NO_COMMON_BLOCKS = YES;
				GCC_WARN_64_TO_32_BIT_CONVERSION = YES;
				GCC_WARN_ABOUT_RETURN_TYPE = YES_ERROR;
				GCC_WARN_UNDECLARED_SELECTOR = YES;
				GCC_WARN_UNINITIALIZED_AUTOS = YES_AGGRESSIVE;
				GCC_WARN_UNUSED_FUNCTION = YES;
				GCC_WARN_UNUSED_VARIABLE = YES;
				MACOSX_DEPLOYMENT_TARGET = 11.5;
				MTL_ENABLE_DEBUG_INFO = NO;
				MTL_FAST_MATH = YES;
				SDKROOT = macosx;
			};
			name = Release;
		};
		06761ABB2CACD1DA001BAF02 /* Debug */ = {
			isa = XCBuildConfiguration;
			buildSettings = {
				CODE_SIGN_STYLE = Automatic;
				HEADER_SEARCH_PATHS = ./first_opengl_project/dependencies/include;
				LIBRARY_SEARCH_PATHS = /opt/homebrew/Cellar/glfw/3.4/lib;
				PRODUCT_NAME = "$(TARGET_NAME)";
			};
			name = Debug;
		};
		06761ABC2CACD1DA001BAF02 /* Release */ = {
			isa = XCBuildConfiguration;
			buildSettings = {
				CODE_SIGN_STYLE = Automatic;
				HEADER_SEARCH_PATHS = ./first_opengl_project/dependencies/include;
				LIBRARY_SEARCH_PATHS = /opt/homebrew/Cellar/glfw/3.4/lib;
				PRODUCT_NAME = "$(TARGET_NAME)";
			};
			name = Release;
		};
/* End XCBuildConfiguration section */

/* Begin XCConfigurationList section */
		06761AAE2CACD1DA001BAF02 /* Build configuration list for PBXProject "first_opengl_project" */ = {
			isa = XCConfigurationList;
			buildConfigurations = (
				06761AB82CACD1DA001BAF02 /* Debug */,
				06761AB92CACD1DA001BAF02 /* Release */,
			);
			defaultConfigurationIsVisible = 0;
			defaultConfigurationName = Release;
		};
		06761ABA2CACD1DA001BAF02 /* Build configuration list for PBXNativeTarget "first_opengl_project" */ = {
			isa = XCConfigurationList;
			buildConfigurations = (
				06761ABB2CACD1DA001BAF02 /* Debug */,
				06761ABC2CACD1DA001BAF02 /* Release */,
			);
			defaultConfigurationIsVisible = 0;
			defaultConfigurationName = Release;
		};
/* End XCConfigurationList section */
	};
	rootObject = 06761AAB2CACD1DA001BAF02 /* Project object */;
}
